// !$*UTF8*$!
{
	archiveVersion = 1;
	classes = {
	};
	objectVersion = 55;
	objects = {

/* Begin PBXBuildFile section */
		FE570F6E28A6AE90001BD34A /* AppDelegate.swift in Sources */ = {isa = PBXBuildFile; fileRef = FE570F6D28A6AE90001BD34A /* AppDelegate.swift */; };
		FE570F7028A6AE90001BD34A /* SceneDelegate.swift in Sources */ = {isa = PBXBuildFile; fileRef = FE570F6F28A6AE90001BD34A /* SceneDelegate.swift */; };
		FE570F7228A6AE90001BD34A /* ViewController.swift in Sources */ = {isa = PBXBuildFile; fileRef = FE570F7128A6AE90001BD34A /* ViewController.swift */; };
		FE570F7528A6AE90001BD34A /* Main.storyboard in Resources */ = {isa = PBXBuildFile; fileRef = FE570F7328A6AE90001BD34A /* Main.storyboard */; };
		FE570F7728A6AE91001BD34A /* Assets.xcassets in Resources */ = {isa = PBXBuildFile; fileRef = FE570F7628A6AE91001BD34A /* Assets.xcassets */; };
		FE570F7A28A6AE91001BD34A /* LaunchScreen.storyboard in Resources */ = {isa = PBXBuildFile; fileRef = FE570F7828A6AE91001BD34A /* LaunchScreen.storyboard */; };
		FE853C0028A6E45A001A1F1A /* TableViewCellCorrect.swift in Sources */ = {isa = PBXBuildFile; fileRef = FE853BFE28A6E45A001A1F1A /* TableViewCellCorrect.swift */; };
		FE853C0128A6E45A001A1F1A /* TableViewCellCorrect.xib in Resources */ = {isa = PBXBuildFile; fileRef = FE853BFF28A6E45A001A1F1A /* TableViewCellCorrect.xib */; };
		FE853C0728A70959001A1F1A /* AddPersonViewController.swift in Sources */ = {isa = PBXBuildFile; fileRef = FE853C0628A70959001A1F1A /* AddPersonViewController.swift */; };
/* End PBXBuildFile section */

/* Begin PBXFileReference section */
		FE570F6A28A6AE90001BD34A /* deathnote.app */ = {isa = PBXFileReference; explicitFileType = wrapper.application; includeInIndex = 0; path = deathnote.app; sourceTree = BUILT_PRODUCTS_DIR; };
		FE570F6D28A6AE90001BD34A /* AppDelegate.swift */ = {isa = PBXFileReference; lastKnownFileType = sourcecode.swift; path = AppDelegate.swift; sourceTree = "<group>"; };
		FE570F6F28A6AE90001BD34A /* SceneDelegate.swift */ = {isa = PBXFileReference; lastKnownFileType = sourcecode.swift; path = SceneDelegate.swift; sourceTree = "<group>"; };
		FE570F7128A6AE90001BD34A /* ViewController.swift */ = {isa = PBXFileReference; lastKnownFileType = sourcecode.swift; path = ViewController.swift; sourceTree = "<group>"; };
		FE570F7428A6AE90001BD34A /* Base */ = {isa = PBXFileReference; lastKnownFileType = file.storyboard; name = Base; path = Base.lproj/Main.storyboard; sourceTree = "<group>"; };
		FE570F7628A6AE91001BD34A /* Assets.xcassets */ = {isa = PBXFileReference; lastKnownFileType = folder.assetcatalog; path = Assets.xcassets; sourceTree = "<group>"; };
		FE570F7928A6AE91001BD34A /* Base */ = {isa = PBXFileReference; lastKnownFileType = file.storyboard; name = Base; path = Base.lproj/LaunchScreen.storyboard; sourceTree = "<group>"; };
		FE570F7B28A6AE91001BD34A /* Info.plist */ = {isa = PBXFileReference; lastKnownFileType = text.plist.xml; path = Info.plist; sourceTree = "<group>"; };
		FE853BFE28A6E45A001A1F1A /* TableViewCellCorrect.swift */ = {isa = PBXFileReference; lastKnownFileType = sourcecode.swift; path = TableViewCellCorrect.swift; sourceTree = "<group>"; };
		FE853BFF28A6E45A001A1F1A /* TableViewCellCorrect.xib */ = {isa = PBXFileReference; lastKnownFileType = file.xib; path = TableViewCellCorrect.xib; sourceTree = "<group>"; };
		FE853C0628A70959001A1F1A /* AddPersonViewController.swift */ = {isa = PBXFileReference; lastKnownFileType = sourcecode.swift; path = AddPersonViewController.swift; sourceTree = "<group>"; };
/* End PBXFileReference section */

/* Begin PBXFrameworksBuildPhase section */
		FE570F6728A6AE90001BD34A /* Frameworks */ = {
			isa = PBXFrameworksBuildPhase;
			buildActionMask = 2147483647;
			files = (
			);
			runOnlyForDeploymentPostprocessing = 0;
		};
/* End PBXFrameworksBuildPhase section */

/* Begin PBXGroup section */
		FE570F6128A6AE90001BD34A = {
			isa = PBXGroup;
			children = (
				FE570F6C28A6AE90001BD34A /* deathnote */,
				FE570F6B28A6AE90001BD34A /* Products */,
			);
			sourceTree = "<group>";
		};
		FE570F6B28A6AE90001BD34A /* Products */ = {
			isa = PBXGroup;
			children = (
				FE570F6A28A6AE90001BD34A /* deathnote.app */,
			);
			name = Products;
			sourceTree = "<group>";
		};
		FE570F6C28A6AE90001BD34A /* deathnote */ = {
			isa = PBXGroup;
			children = (
				FE853BFE28A6E45A001A1F1A /* TableViewCellCorrect.swift */,
				FE853BFF28A6E45A001A1F1A /* TableViewCellCorrect.xib */,
				FE570F6D28A6AE90001BD34A /* AppDelegate.swift */,
				FE570F6F28A6AE90001BD34A /* SceneDelegate.swift */,
				FE570F7128A6AE90001BD34A /* ViewController.swift */,
				FE853C0628A70959001A1F1A /* AddPersonViewController.swift */,
				FE570F7328A6AE90001BD34A /* Main.storyboard */,
				FE570F7628A6AE91001BD34A /* Assets.xcassets */,
				FE570F7828A6AE91001BD34A /* LaunchScreen.storyboard */,
				FE570F7B28A6AE91001BD34A /* Info.plist */,
			);
			path = deathnote;
			sourceTree = "<group>";
		};
/* End PBXGroup section */

/* Begin PBXNativeTarget section */
		FE570F6928A6AE90001BD34A /* deathnote */ = {
			isa = PBXNativeTarget;
			buildConfigurationList = FE570F7E28A6AE91001BD34A /* Build configuration list for PBXNativeTarget "deathnote" */;
			buildPhases = (
				FE570F6628A6AE90001BD34A /* Sources */,
				FE570F6728A6AE90001BD34A /* Frameworks */,
				FE570F6828A6AE90001BD34A /* Resources */,
			);
			buildRules = (
			);
			dependencies = (
			);
			name = deathnote;
			productName = deathnote;
			productReference = FE570F6A28A6AE90001BD34A /* deathnote.app */;
			productType = "com.apple.product-type.application";
		};
/* End PBXNativeTarget section */

/* Begin PBXProject section */
		FE570F6228A6AE90001BD34A /* Project object */ = {
			isa = PBXProject;
			attributes = {
				BuildIndependentTargetsInParallel = 1;
				LastSwiftUpdateCheck = 1330;
				LastUpgradeCheck = 1330;
				TargetAttributes = {
					FE570F6928A6AE90001BD34A = {
						CreatedOnToolsVersion = 13.3;
					};
				};
			};
			buildConfigurationList = FE570F6528A6AE90001BD34A /* Build configuration list for PBXProject "deathnote" */;
			compatibilityVersion = "Xcode 13.0";
			developmentRegion = en;
			hasScannedForEncodings = 0;
			knownRegions = (
				en,
				Base,
			);
			mainGroup = FE570F6128A6AE90001BD34A;
			productRefGroup = FE570F6B28A6AE90001BD34A /* Products */;
			projectDirPath = "";
			projectRoot = "";
			targets = (
				FE570F6928A6AE90001BD34A /* deathnote */,
			);
		};
/* End PBXProject section */

/* Begin PBXResourcesBuildPhase section */
		FE570F6828A6AE90001BD34A /* Resources */ = {
			isa = PBXResourcesBuildPhase;
			buildActionMask = 2147483647;
			files = (
				FE570F7A28A6AE91001BD34A /* LaunchScreen.storyboard in Resources */,
				FE570F7728A6AE91001BD34A /* Assets.xcassets in Resources */,
				FE853C0128A6E45A001A1F1A /* TableViewCellCorrect.xib in Resources */,
				FE570F7528A6AE90001BD34A /* Main.storyboard in Resources */,
			);
			runOnlyForDeploymentPostprocessing = 0;
		};
/* End PBXResourcesBuildPhase section */

/* Begin PBXSourcesBuildPhase section */
		FE570F6628A6AE90001BD34A /* Sources */ = {
			isa = PBXSourcesBuildPhase;
			buildActionMask = 2147483647;
			files = (
				FE570F7228A6AE90001BD34A /* ViewController.swift in Sources */,
				FE570F6E28A6AE90001BD34A /* AppDelegate.swift in Sources */,
				FE853C0028A6E45A001A1F1A /* TableViewCellCorrect.swift in Sources */,
				FE570F7028A6AE90001BD34A /* SceneDelegate.swift in Sources */,
				FE853C0728A70959001A1F1A /* AddPersonViewController.swift in Sources */,
			);
			runOnlyForDeploymentPostprocessing = 0;
		};
/* End PBXSourcesBuildPhase section */

/* Begin PBXVariantGroup section */
		FE570F7328A6AE90001BD34A /* Main.storyboard */ = {
			isa = PBXVariantGroup;
			children = (
				FE570F7428A6AE90001BD34A /* Base */,
			);
			name = Main.storyboard;
			sourceTree = "<group>";
		};
		FE570F7828A6AE91001BD34A /* LaunchScreen.storyboard */ = {
			isa = PBXVariantGroup;
			children = (
				FE570F7928A6AE91001BD34A /* Base */,
			);
			name = LaunchScreen.storyboard;
			sourceTree = "<group>";
		};
/* End PBXVariantGroup section */

/* Begin XCBuildConfiguration section */
		FE570F7C28A6AE91001BD34A /* Debug */ = {
			isa = XCBuildConfiguration;
			buildSettings = {
				ALWAYS_SEARCH_USER_PATHS = NO;
				CLANG_ANALYZER_NONNULL = YES;
				CLANG_ANALYZER_NUMBER_OBJECT_CONVERSION = YES_AGGRESSIVE;
				CLANG_CXX_LANGUAGE_STANDARD = "gnu++17";
				CLANG_ENABLE_MODULES = YES;
				CLANG_ENABLE_OBJC_ARC = YES;
				CLANG_ENABLE_OBJC_WEAK = YES;
				CLANG_WARN_BLOCK_CAPTURE_AUTORELEASING = YES;
				CLANG_WARN_BOOL_CONVERSION = YES;
				CLANG_WARN_COMMA = YES;
				CLANG_WARN_CONSTANT_CONVERSION = YES;
				CLANG_WARN_DEPRECATED_OBJC_IMPLEMENTATIONS = YES;
				CLANG_WARN_DIRECT_OBJC_ISA_USAGE = YES_ERROR;
				CLANG_WARN_DOCUMENTATION_COMMENTS = YES;
				CLANG_WARN_EMPTY_BODY = YES;
				CLANG_WARN_ENUM_CONVERSION = YES;
				CLANG_WARN_INFINITE_RECURSION = YES;
				CLANG_WARN_INT_CONVERSION = YES;
				CLANG_WARN_NON_LITERAL_NULL_CONVERSION = YES;
				CLANG_WARN_OBJC_IMPLICIT_RETAIN_SELF = YES;
				CLANG_WARN_OBJC_LITERAL_CONVERSION = YES;
				CLANG_WARN_OBJC_ROOT_CLASS = YES_ERROR;
				CLANG_WARN_QUOTED_INCLUDE_IN_FRAMEWORK_HEADER = YES;
				CLANG_WARN_RANGE_LOOP_ANALYSIS = YES;
				CLANG_WARN_STRICT_PROTOTYPES = YES;
				CLANG_WARN_SUSPICIOUS_MOVE = YES;
				CLANG_WARN_UNGUARDED_AVAILABILITY = YES_AGGRESSIVE;
				CLANG_WARN_UNREACHABLE_CODE = YES;
				CLANG_WARN__DUPLICATE_METHOD_MATCH = YES;
				COPY_PHASE_STRIP = NO;
				DEBUG_INFORMATION_FORMAT = dwarf;
				ENABLE_STRICT_OBJC_MSGSEND = YES;
				ENABLE_TESTABILITY = YES;
				GCC_C_LANGUAGE_STANDARD = gnu11;
				GCC_DYNAMIC_NO_PIC = NO;
				GCC_NO_COMMON_BLOCKS = YES;
				GCC_OPTIMIZATION_LEVEL = 0;
				GCC_PREPROCESSOR_DEFINITIONS = (
					"DEBUG=1",
					"$(inherited)",
				);
				GCC_WARN_64_TO_32_BIT_CONVERSION = YES;
				GCC_WARN_ABOUT_RETURN_TYPE = YES_ERROR;
				GCC_WARN_UNDECLARED_SELECTOR = YES;
				GCC_WARN_UNINITIALIZED_AUTOS = YES_AGGRESSIVE;
				GCC_WARN_UNUSED_FUNCTION = YES;
				GCC_WARN_UNUSED_VARIABLE = YES;
				IPHONEOS_DEPLOYMENT_TARGET = 15.4;
				MTL_ENABLE_DEBUG_INFO = INCLUDE_SOURCE;
				MTL_FAST_MATH = YES;
				ONLY_ACTIVE_ARCH = YES;
				SDKROOT = iphoneos;
				SWIFT_ACTIVE_COMPILATION_CONDITIONS = DEBUG;
				SWIFT_OPTIMIZATION_LEVEL = "-Onone";
			};
			name = Debug;
		};
		FE570F7D28A6AE91001BD34A /* Release */ = {
			isa = XCBuildConfiguration;
			buildSettings = {
				ALWAYS_SEARCH_USER_PATHS = NO;
				CLANG_ANALYZER_NONNULL = YES;
				CLANG_ANALYZER_NUMBER_OBJECT_CONVERSION = YES_AGGRESSIVE;
				CLANG_CXX_LANGUAGE_STANDARD = "gnu++17";
				CLANG_ENABLE_MODULES = YES;
				CLANG_ENABLE_OBJC_ARC = YES;
				CLANG_ENABLE_OBJC_WEAK = YES;
				CLANG_WARN_BLOCK_CAPTURE_AUTORELEASING = YES;
				CLANG_WARN_BOOL_CONVERSION = YES;
				CLANG_WARN_COMMA = YES;
				CLANG_WARN_CONSTANT_CONVERSION = YES;
				CLANG_WARN_DEPRECATED_OBJC_IMPLEMENTATIONS = YES;
				CLANG_WARN_DIRECT_OBJC_ISA_USAGE = YES_ERROR;
				CLANG_WARN_DOCUMENTATION_COMMENTS = YES;
				CLANG_WARN_EMPTY_BODY = YES;
				CLANG_WARN_ENUM_CONVERSION = YES;
				CLANG_WARN_INFINITE_RECURSION = YES;
				CLANG_WARN_INT_CONVERSION = YES;
				CLANG_WARN_NON_LITERAL_NULL_CONVERSION = YES;
				CLANG_WARN_OBJC_IMPLICIT_RETAIN_SELF = YES;
				CLANG_WARN_OBJC_LITERAL_CONVERSION = YES;
				CLANG_WARN_OBJC_ROOT_CLASS = YES_ERROR;
				CLANG_WARN_QUOTED_INCLUDE_IN_FRAMEWORK_HEADER = YES;
				CLANG_WARN_RANGE_LOOP_ANALYSIS = YES;
				CLANG_WARN_STRICT_PROTOTYPES = YES;
				CLANG_WARN_SUSPICIOUS_MOVE = YES;
				CLANG_WARN_UNGUARDED_AVAILABILITY = YES_AGGRESSIVE;
				CLANG_WARN_UNREACHABLE_CODE = YES;
				CLANG_WARN__DUPLICATE_METHOD_MATCH = YES;
				COPY_PHASE_STRIP = NO;
				DEBUG_INFORMATION_FORMAT = "dwarf-with-dsym";
				ENABLE_NS_ASSERTIONS = NO;
				ENABLE_STRICT_OBJC_MSGSEND = YES;
				GCC_C_LANGUAGE_STANDARD = gnu11;
				GCC_NO_COMMON_BLOCKS = YES;
				GCC_WARN_64_TO_32_BIT_CONVERSION = YES;
				GCC_WARN_ABOUT_RETURN_TYPE = YES_ERROR;
				GCC_WARN_UNDECLARED_SELECTOR = YES;
				GCC_WARN_UNINITIALIZED_AUTOS = YES_AGGRESSIVE;
				GCC_WARN_UNUSED_FUNCTION = YES;
				GCC_WARN_UNUSED_VARIABLE = YES;
				IPHONEOS_DEPLOYMENT_TARGET = 15.4;
				MTL_ENABLE_DEBUG_INFO = NO;
				MTL_FAST_MATH = YES;
				SDKROOT = iphoneos;
				SWIFT_COMPILATION_MODE = wholemodule;
				SWIFT_OPTIMIZATION_LEVEL = "-O";
				VALIDATE_PRODUCT = YES;
			};
			name = Release;
		};
		FE570F7F28A6AE91001BD34A /* Debug */ = {
			isa = XCBuildConfiguration;
			buildSettings = {
				ASSETCATALOG_COMPILER_APPICON_NAME = AppIcon;
				ASSETCATALOG_COMPILER_GLOBAL_ACCENT_COLOR_NAME = AccentColor;
				CODE_SIGN_STYLE = Automatic;
				CURRENT_PROJECT_VERSION = 1;
				GENERATE_INFOPLIST_FILE = YES;
				INFOPLIST_FILE = deathnote/Info.plist;
				INFOPLIST_KEY_UIApplicationSupportsIndirectInputEvents = YES;
				INFOPLIST_KEY_UILaunchStoryboardName = LaunchScreen;
				INFOPLIST_KEY_UIMainStoryboardFile = Main;
				INFOPLIST_KEY_UISupportedInterfaceOrientations_iPad = "UIInterfaceOrientationPortrait UIInterfaceOrientationPortraitUpsideDown UIInterfaceOrientationLandscapeLeft UIInterfaceOrientationLandscapeRight";
				INFOPLIST_KEY_UISupportedInterfaceOrientations_iPhone = "UIInterfaceOrientationPortrait UIInterfaceOrientationLandscapeLeft UIInterfaceOrientationLandscapeRight";
				LD_RUNPATH_SEARCH_PATHS = (
					"$(inherited)",
					"@executable_path/Frameworks",
				);
				MARKETING_VERSION = 1.0;
				PRODUCT_BUNDLE_IDENTIFIER = wmozella.deathnote;
				PRODUCT_NAME = "$(TARGET_NAME)";
				SWIFT_EMIT_LOC_STRINGS = YES;
				SWIFT_VERSION = 5.0;
				TARGETED_DEVICE_FAMILY = "1,2";
			};
			name = Debug;
		};
		FE570F8028A6AE91001BD34A /* Release */ = {
			isa = XCBuildConfiguration;
			buildSettings = {
				ASSETCATALOG_COMPILER_APPICON_NAME = AppIcon;
				ASSETCATALOG_COMPILER_GLOBAL_ACCENT_COLOR_NAME = AccentColor;
				CODE_SIGN_STYLE = Automatic;
				CURRENT_PROJECT_VERSION = 1;
				GENERATE_INFOPLIST_FILE = YES;
				INFOPLIST_FILE = deathnote/Info.plist;
				INFOPLIST_KEY_UIApplicationSupportsIndirectInputEvents = YES;
				INFOPLIST_KEY_UILaunchStoryboardName = LaunchScreen;
				INFOPLIST_KEY_UIMainStoryboardFile = Main;
				INFOPLIST_KEY_UISupportedInterfaceOrientations_iPad = "UIInterfaceOrientationPortrait UIInterfaceOrientationPortraitUpsideDown UIInterfaceOrientationLandscapeLeft UIInterfaceOrientationLandscapeRight";
				INFOPLIST_KEY_UISupportedInterfaceOrientations_iPhone = "UIInterfaceOrientationPortrait UIInterfaceOrientationLandscapeLeft UIInterfaceOrientationLandscapeRight";
				LD_RUNPATH_SEARCH_PATHS = (
					"$(inherited)",
					"@executable_path/Frameworks",
				);
				MARKETING_VERSION = 1.0;
				PRODUCT_BUNDLE_IDENTIFIER = wmozella.deathnote;
				PRODUCT_NAME = "$(TARGET_NAME)";
				SWIFT_EMIT_LOC_STRINGS = YES;
				SWIFT_VERSION = 5.0;
				TARGETED_DEVICE_FAMILY = "1,2";
			};
			name = Release;
		};
/* End XCBuildConfiguration section */

/* Begin XCConfigurationList section */
		FE570F6528A6AE90001BD34A /* Build configuration list for PBXProject "deathnote" */ = {
			isa = XCConfigurationList;
			buildConfigurations = (
				FE570F7C28A6AE91001BD34A /* Debug */,
				FE570F7D28A6AE91001BD34A /* Release */,
			);
			defaultConfigurationIsVisible = 0;
			defaultConfigurationName = Release;
		};
		FE570F7E28A6AE91001BD34A /* Build configuration list for PBXNativeTarget "deathnote" */ = {
			isa = XCConfigurationList;
			buildConfigurations = (
				FE570F7F28A6AE91001BD34A /* Debug */,
				FE570F8028A6AE91001BD34A /* Release */,
			);
			defaultConfigurationIsVisible = 0;
			defaultConfigurationName = Release;
		};
/* End XCConfigurationList section */
	};
	rootObject = FE570F6228A6AE90001BD34A /* Project object */;
}
